// !$*UTF8*$!
{
	archiveVersion = 1;
	classes = {
	};
	objectVersion = 50;
	objects = {

/* Begin PBXBuildFile section */
		C2E5B95B2720F63500CDD192 /* words.csv in Resources */ = {isa = PBXBuildFile; fileRef = C2E5B95A2720F63500CDD192 /* words.csv */; };
		C2E5B95F27213E6100CDD192 /* Mali-Medium.ttf in Resources */ = {isa = PBXBuildFile; fileRef = C2E5B95D27213E6000CDD192 /* Mali-Medium.ttf */; };
		C2E5B96027213E6100CDD192 /* Mali-Regular.ttf in Resources */ = {isa = PBXBuildFile; fileRef = C2E5B95E27213E6000CDD192 /* Mali-Regular.ttf */; };
		C2E8C7F7271EF5B10091309D /* AppDelegate.swift in Sources */ = {isa = PBXBuildFile; fileRef = C2E8C7F6271EF5B10091309D /* AppDelegate.swift */; };
		C2E8C7F9271EF5B10091309D /* SceneDelegate.swift in Sources */ = {isa = PBXBuildFile; fileRef = C2E8C7F8271EF5B10091309D /* SceneDelegate.swift */; };
		C2E8C7FB271EF5B10091309D /* GameViewController.swift in Sources */ = {isa = PBXBuildFile; fileRef = C2E8C7FA271EF5B10091309D /* GameViewController.swift */; };
		C2E8C7FE271EF5B10091309D /* Main.storyboard in Resources */ = {isa = PBXBuildFile; fileRef = C2E8C7FC271EF5B10091309D /* Main.storyboard */; };
		C2E8C800271EF5B50091309D /* Assets.xcassets in Resources */ = {isa = PBXBuildFile; fileRef = C2E8C7FF271EF5B50091309D /* Assets.xcassets */; };
		C2E8C803271EF5B50091309D /* LaunchScreen.storyboard in Resources */ = {isa = PBXBuildFile; fileRef = C2E8C801271EF5B50091309D /* LaunchScreen.storyboard */; };
/* End PBXBuildFile section */

/* Begin PBXFileReference section */
		C2E5B95A2720F63500CDD192 /* words.csv */ = {isa = PBXFileReference; fileEncoding = 4; lastKnownFileType = text; path = words.csv; sourceTree = "<group>"; };
		C2E5B95D27213E6000CDD192 /* Mali-Medium.ttf */ = {isa = PBXFileReference; lastKnownFileType = file; path = "Mali-Medium.ttf"; sourceTree = "<group>"; };
		C2E5B95E27213E6000CDD192 /* Mali-Regular.ttf */ = {isa = PBXFileReference; lastKnownFileType = file; path = "Mali-Regular.ttf"; sourceTree = "<group>"; };
		C2E8C7F3271EF5B10091309D /* ApplePie.app */ = {isa = PBXFileReference; explicitFileType = wrapper.application; includeInIndex = 0; path = ApplePie.app; sourceTree = BUILT_PRODUCTS_DIR; };
		C2E8C7F6271EF5B10091309D /* AppDelegate.swift */ = {isa = PBXFileReference; lastKnownFileType = sourcecode.swift; path = AppDelegate.swift; sourceTree = "<group>"; };
		C2E8C7F8271EF5B10091309D /* SceneDelegate.swift */ = {isa = PBXFileReference; lastKnownFileType = sourcecode.swift; path = SceneDelegate.swift; sourceTree = "<group>"; };
		C2E8C7FA271EF5B10091309D /* GameViewController.swift */ = {isa = PBXFileReference; lastKnownFileType = sourcecode.swift; path = GameViewController.swift; sourceTree = "<group>"; };
		C2E8C7FD271EF5B10091309D /* Base */ = {isa = PBXFileReference; lastKnownFileType = file.storyboard; name = Base; path = Base.lproj/Main.storyboard; sourceTree = "<group>"; };
		C2E8C7FF271EF5B50091309D /* Assets.xcassets */ = {isa = PBXFileReference; lastKnownFileType = folder.assetcatalog; path = Assets.xcassets; sourceTree = "<group>"; };
		C2E8C802271EF5B50091309D /* Base */ = {isa = PBXFileReference; lastKnownFileType = file.storyboard; name = Base; path = Base.lproj/LaunchScreen.storyboard; sourceTree = "<group>"; };
		C2E8C804271EF5B50091309D /* Info.plist */ = {isa = PBXFileReference; lastKnownFileType = text.plist.xml; path = Info.plist; sourceTree = "<group>"; };
/* End PBXFileReference section */

/* Begin PBXFrameworksBuildPhase section */
		C2E8C7F0271EF5B10091309D /* Frameworks */ = {
			isa = PBXFrameworksBuildPhase;
			buildActionMask = 2147483647;
			files = (
			);
			runOnlyForDeploymentPostprocessing = 0;
		};
/* End PBXFrameworksBuildPhase section */

/* Begin PBXGroup section */
		C2E5B95C27213E5600CDD192 /* Fonts */ = {
			isa = PBXGroup;
			children = (
				C2E5B95D27213E6000CDD192 /* Mali-Medium.ttf */,
				C2E5B95E27213E6000CDD192 /* Mali-Regular.ttf */,
			);
			path = Fonts;
			sourceTree = "<group>";
		};
		C2E8C7EA271EF5B10091309D = {
			isa = PBXGroup;
			children = (
				C2E8C7F5271EF5B10091309D /* ApplePie */,
				C2E8C7F4271EF5B10091309D /* Products */,
			);
			sourceTree = "<group>";
		};
		C2E8C7F4271EF5B10091309D /* Products */ = {
			isa = PBXGroup;
			children = (
				C2E8C7F3271EF5B10091309D /* ApplePie.app */,
			);
			name = Products;
			sourceTree = "<group>";
		};
		C2E8C7F5271EF5B10091309D /* ApplePie */ = {
			isa = PBXGroup;
			children = (
				C2E5B95C27213E5600CDD192 /* Fonts */,
				C2E5B95A2720F63500CDD192 /* words.csv */,
				C2E8C7F6271EF5B10091309D /* AppDelegate.swift */,
				C2E8C7F8271EF5B10091309D /* SceneDelegate.swift */,
				C2E8C7FA271EF5B10091309D /* GameViewController.swift */,
				C2E8C7FC271EF5B10091309D /* Main.storyboard */,
				C2E8C7FF271EF5B50091309D /* Assets.xcassets */,
				C2E8C801271EF5B50091309D /* LaunchScreen.storyboard */,
				C2E8C804271EF5B50091309D /* Info.plist */,
			);
			path = ApplePie;
			sourceTree = "<group>";
		};
/* End PBXGroup section */

/* Begin PBXNativeTarget section */
		C2E8C7F2271EF5B10091309D /* ApplePie */ = {
			isa = PBXNativeTarget;
			buildConfigurationList = C2E8C807271EF5B50091309D /* Build configuration list for PBXNativeTarget "ApplePie" */;
			buildPhases = (
				C2E8C7EF271EF5B10091309D /* Sources */,
				C2E8C7F0271EF5B10091309D /* Frameworks */,
				C2E8C7F1271EF5B10091309D /* Resources */,
			);
			buildRules = (
			);
			dependencies = (
			);
			name = ApplePie;
			productName = ApplePie;
			productReference = C2E8C7F3271EF5B10091309D /* ApplePie.app */;
			productType = "com.apple.product-type.application";
		};
/* End PBXNativeTarget section */

/* Begin PBXProject section */
		C2E8C7EB271EF5B10091309D /* Project object */ = {
			isa = PBXProject;
			attributes = {
				LastSwiftUpdateCheck = 1250;
				LastUpgradeCheck = 1250;
				TargetAttributes = {
					C2E8C7F2271EF5B10091309D = {
						CreatedOnToolsVersion = 12.5.1;
					};
				};
			};
			buildConfigurationList = C2E8C7EE271EF5B10091309D /* Build configuration list for PBXProject "ApplePie" */;
			compatibilityVersion = "Xcode 9.3";
			developmentRegion = en;
			hasScannedForEncodings = 0;
			knownRegions = (
				en,
				Base,
			);
			mainGroup = C2E8C7EA271EF5B10091309D;
			productRefGroup = C2E8C7F4271EF5B10091309D /* Products */;
			projectDirPath = "";
			projectRoot = "";
			targets = (
				C2E8C7F2271EF5B10091309D /* ApplePie */,
			);
		};
/* End PBXProject section */

/* Begin PBXResourcesBuildPhase section */
		C2E8C7F1271EF5B10091309D /* Resources */ = {
			isa = PBXResourcesBuildPhase;
			buildActionMask = 2147483647;
			files = (
				C2E5B96027213E6100CDD192 /* Mali-Regular.ttf in Resources */,
				C2E8C803271EF5B50091309D /* LaunchScreen.storyboard in Resources */,
				C2E8C800271EF5B50091309D /* Assets.xcassets in Resources */,
				C2E5B95B2720F63500CDD192 /* words.csv in Resources */,
				C2E5B95F27213E6100CDD192 /* Mali-Medium.ttf in Resources */,
				C2E8C7FE271EF5B10091309D /* Main.storyboard in Resources */,
			);
			runOnlyForDeploymentPostprocessing = 0;
		};
/* End PBXResourcesBuildPhase section */

/* Begin PBXSourcesBuildPhase section */
		C2E8C7EF271EF5B10091309D /* Sources */ = {
			isa = PBXSourcesBuildPhase;
			buildActionMask = 2147483647;
			files = (
				C2E8C7FB271EF5B10091309D /* GameViewController.swift in Sources */,
				C2E8C7F7271EF5B10091309D /* AppDelegate.swift in Sources */,
				C2E8C7F9271EF5B10091309D /* SceneDelegate.swift in Sources */,
			);
			runOnlyForDeploymentPostprocessing = 0;
		};
/* End PBXSourcesBuildPhase section */

/* Begin PBXVariantGroup section */
		C2E8C7FC271EF5B10091309D /* Main.storyboard */ = {
			isa = PBXVariantGroup;
			children = (
				C2E8C7FD271EF5B10091309D /* Base */,
			);
			name = Main.storyboard;
			sourceTree = "<group>";
		};
		C2E8C801271EF5B50091309D /* LaunchScreen.storyboard */ = {
			isa = PBXVariantGroup;
			children = (
				C2E8C802271EF5B50091309D /* Base */,
			);
			name = LaunchScreen.storyboard;
			sourceTree = "<group>";
		};
/* End PBXVariantGroup section */

/* Begin XCBuildConfiguration section */
		C2E8C805271EF5B50091309D /* Debug */ = {
			isa = XCBuildConfiguration;
			buildSettings = {
				ALWAYS_SEARCH_USER_PATHS = NO;
				CLANG_ANALYZER_NONNULL = YES;
				CLANG_ANALYZER_NUMBER_OBJECT_CONVERSION = YES_AGGRESSIVE;
				CLANG_CXX_LANGUAGE_STANDARD = "gnu++14";
				CLANG_CXX_LIBRARY = "libc++";
				CLANG_ENABLE_MODULES = YES;
				CLANG_ENABLE_OBJC_ARC = YES;
				CLANG_ENABLE_OBJC_WEAK = YES;
				CLANG_WARN_BLOCK_CAPTURE_AUTORELEASING = YES;
				CLANG_WARN_BOOL_CONVERSION = YES;
				CLANG_WARN_COMMA = YES;
				CLANG_WARN_CONSTANT_CONVERSION = YES;
				CLANG_WARN_DEPRECATED_OBJC_IMPLEMENTATIONS = YES;
				CLANG_WARN_DIRECT_OBJC_ISA_USAGE = YES_ERROR;
				CLANG_WARN_DOCUMENTATION_COMMENTS = YES;
				CLANG_WARN_EMPTY_BODY = YES;
				CLANG_WARN_ENUM_CONVERSION = YES;
				CLANG_WARN_INFINITE_RECURSION = YES;
				CLANG_WARN_INT_CONVERSION = YES;
				CLANG_WARN_NON_LITERAL_NULL_CONVERSION = YES;
				CLANG_WARN_OBJC_IMPLICIT_RETAIN_SELF = YES;
				CLANG_WARN_OBJC_LITERAL_CONVERSION = YES;
				CLANG_WARN_OBJC_ROOT_CLASS = YES_ERROR;
				CLANG_WARN_QUOTED_INCLUDE_IN_FRAMEWORK_HEADER = YES;
				CLANG_WARN_RANGE_LOOP_ANALYSIS = YES;
				CLANG_WARN_STRICT_PROTOTYPES = YES;
				CLANG_WARN_SUSPICIOUS_MOVE = YES;
				CLANG_WARN_UNGUARDED_AVAILABILITY = YES_AGGRESSIVE;
				CLANG_WARN_UNREACHABLE_CODE = YES;
				CLANG_WARN__DUPLICATE_METHOD_MATCH = YES;
				COPY_PHASE_STRIP = NO;
				DEBUG_INFORMATION_FORMAT = dwarf;
				ENABLE_STRICT_OBJC_MSGSEND = YES;
				ENABLE_TESTABILITY = YES;
				GCC_C_LANGUAGE_STANDARD = gnu11;
				GCC_DYNAMIC_NO_PIC = NO;
				GCC_NO_COMMON_BLOCKS = YES;
				GCC_OPTIMIZATION_LEVEL = 0;
				GCC_PREPROCESSOR_DEFINITIONS = (
					"DEBUG=1",
					"$(inherited)",
				);
				GCC_WARN_64_TO_32_BIT_CONVERSION = YES;
				GCC_WARN_ABOUT_RETURN_TYPE = YES_ERROR;
				GCC_WARN_UNDECLARED_SELECTOR = YES;
				GCC_WARN_UNINITIALIZED_AUTOS = YES_AGGRESSIVE;
				GCC_WARN_UNUSED_FUNCTION = YES;
				GCC_WARN_UNUSED_VARIABLE = YES;
				IPHONEOS_DEPLOYMENT_TARGET = 14.5;
				MTL_ENABLE_DEBUG_INFO = INCLUDE_SOURCE;
				MTL_FAST_MATH = YES;
				ONLY_ACTIVE_ARCH = YES;
				SDKROOT = iphoneos;
				SWIFT_ACTIVE_COMPILATION_CONDITIONS = DEBUG;
				SWIFT_OPTIMIZATION_LEVEL = "-Onone";
			};
			name = Debug;
		};
		C2E8C806271EF5B50091309D /* Release */ = {
			isa = XCBuildConfiguration;
			buildSettings = {
				ALWAYS_SEARCH_USER_PATHS = NO;
				CLANG_ANALYZER_NONNULL = YES;
				CLANG_ANALYZER_NUMBER_OBJECT_CONVERSION = YES_AGGRESSIVE;
				CLANG_CXX_LANGUAGE_STANDARD = "gnu++14";
				CLANG_CXX_LIBRARY = "libc++";
				CLANG_ENABLE_MODULES = YES;
				CLANG_ENABLE_OBJC_ARC = YES;
				CLANG_ENABLE_OBJC_WEAK = YES;
				CLANG_WARN_BLOCK_CAPTURE_AUTORELEASING = YES;
				CLANG_WARN_BOOL_CONVERSION = YES;
				CLANG_WARN_COMMA = YES;
				CLANG_WARN_CONSTANT_CONVERSION = YES;
				CLANG_WARN_DEPRECATED_OBJC_IMPLEMENTATIONS = YES;
				CLANG_WARN_DIRECT_OBJC_ISA_USAGE = YES_ERROR;
				CLANG_WARN_DOCUMENTATION_COMMENTS = YES;
				CLANG_WARN_EMPTY_BODY = YES;
				CLANG_WARN_ENUM_CONVERSION = YES;
				CLANG_WARN_INFINITE_RECURSION = YES;
				CLANG_WARN_INT_CONVERSION = YES;
				CLANG_WARN_NON_LITERAL_NULL_CONVERSION = YES;
				CLANG_WARN_OBJC_IMPLICIT_RETAIN_SELF = YES;
				CLANG_WARN_OBJC_LITERAL_CONVERSION = YES;
				CLANG_WARN_OBJC_ROOT_CLASS = YES_ERROR;
				CLANG_WARN_QUOTED_INCLUDE_IN_FRAMEWORK_HEADER = YES;
				CLANG_WARN_RANGE_LOOP_ANALYSIS = YES;
				CLANG_WARN_STRICT_PROTOTYPES = YES;
				CLANG_WARN_SUSPICIOUS_MOVE = YES;
				CLANG_WARN_UNGUARDED_AVAILABILITY = YES_AGGRESSIVE;
				CLANG_WARN_UNREACHABLE_CODE = YES;
				CLANG_WARN__DUPLICATE_METHOD_MATCH = YES;
				COPY_PHASE_STRIP = NO;
				DEBUG_INFORMATION_FORMAT = "dwarf-with-dsym";
				ENABLE_NS_ASSERTIONS = NO;
				ENABLE_STRICT_OBJC_MSGSEND = YES;
				GCC_C_LANGUAGE_STANDARD = gnu11;
				GCC_NO_COMMON_BLOCKS = YES;
				GCC_WARN_64_TO_32_BIT_CONVERSION = YES;
				GCC_WARN_ABOUT_RETURN_TYPE = YES_ERROR;
				GCC_WARN_UNDECLARED_SELECTOR = YES;
				GCC_WARN_UNINITIALIZED_AUTOS = YES_AGGRESSIVE;
				GCC_WARN_UNUSED_FUNCTION = YES;
				GCC_WARN_UNUSED_VARIABLE = YES;
				IPHONEOS_DEPLOYMENT_TARGET = 14.5;
				MTL_ENABLE_DEBUG_INFO = NO;
				MTL_FAST_MATH = YES;
				SDKROOT = iphoneos;
				SWIFT_COMPILATION_MODE = wholemodule;
				SWIFT_OPTIMIZATION_LEVEL = "-O";
				VALIDATE_PRODUCT = YES;
			};
			name = Release;
		};
		C2E8C808271EF5B50091309D /* Debug */ = {
			isa = XCBuildConfiguration;
			buildSettings = {
				ASSETCATALOG_COMPILER_APPICON_NAME = AppIcon;
				ASSETCATALOG_COMPILER_GLOBAL_ACCENT_COLOR_NAME = AccentColor;
				CODE_SIGN_STYLE = Automatic;
				DEVELOPMENT_TEAM = 3U7YW6923F;
				INFOPLIST_FILE = ApplePie/Info.plist;
				IPHONEOS_DEPLOYMENT_TARGET = 15.0;
				LD_RUNPATH_SEARCH_PATHS = (
					"$(inherited)",
					"@executable_path/Frameworks",
				);
				PRODUCT_BUNDLE_IDENTIFIER = com.codebear.ApplePie;
				PRODUCT_NAME = "$(TARGET_NAME)";
				SWIFT_VERSION = 5.0;
				TARGETED_DEVICE_FAMILY = "1,2";
			};
			name = Debug;
		};
		C2E8C809271EF5B50091309D /* Release */ = {
			isa = XCBuildConfiguration;
			buildSettings = {
				ASSETCATALOG_COMPILER_APPICON_NAME = AppIcon;
				ASSETCATALOG_COMPILER_GLOBAL_ACCENT_COLOR_NAME = AccentColor;
				CODE_SIGN_STYLE = Automatic;
				DEVELOPMENT_TEAM = 3U7YW6923F;
				INFOPLIST_FILE = ApplePie/Info.plist;
				IPHONEOS_DEPLOYMENT_TARGET = 15.0;
				LD_RUNPATH_SEARCH_PATHS = (
					"$(inherited)",
					"@executable_path/Frameworks",
				);
				PRODUCT_BUNDLE_IDENTIFIER = com.codebear.ApplePie;
				PRODUCT_NAME = "$(TARGET_NAME)";
				SWIFT_VERSION = 5.0;
				TARGETED_DEVICE_FAMILY = "1,2";
			};
			name = Release;
		};
/* End XCBuildConfiguration section */

/* Begin XCConfigurationList section */
		C2E8C7EE271EF5B10091309D /* Build configuration list for PBXProject "ApplePie" */ = {
			isa = XCConfigurationList;
			buildConfigurations = (
				C2E8C805271EF5B50091309D /* Debug */,
				C2E8C806271EF5B50091309D /* Release */,
			);
			defaultConfigurationIsVisible = 0;
			defaultConfigurationName = Release;
		};
		C2E8C807271EF5B50091309D /* Build configuration list for PBXNativeTarget "ApplePie" */ = {
			isa = XCConfigurationList;
			buildConfigurations = (
				C2E8C808271EF5B50091309D /* Debug */,
				C2E8C809271EF5B50091309D /* Release */,
			);
			defaultConfigurationIsVisible = 0;
			defaultConfigurationName = Release;
		};
/* End XCConfigurationList section */
	};
	rootObject = C2E8C7EB271EF5B10091309D /* Project object */;
}
